
Microsoft Visual Studio Solution File, Format Version 12.00
# Visual Studio Version 17
VisualStudioVersion = 17.3.32804.467
MinimumVisualStudioVersion = 10.0.40219.1
Project("{9A19103F-16F7-4668-BE54-9A1E7A4F7556}") = "ToDoList", "ToDoList.csproj", "{FAF08283-CF07-4D01-9E94-C994A47B3032}"
EndProject
Project("{9A19103F-16F7-4668-BE54-9A1E7A4F7556}") = "SportsStore", "C:\Users\Professional\source\repos\sports-store-app-1\SportsStore\SportsStore.csproj", "{62109D68-C6AD-432F-AFA9-89362782288D}"
EndProject
Project("{9A19103F-16F7-4668-BE54-9A1E7A4F7556}") = "ToDoList.Tests", "..\ToDoList.Test\ToDoList.Tests.csproj", "{DA6E2568-92C2-477F-8DAA-472404FDB9A0}"
EndProject
Global
	GlobalSection(SolutionConfigurationPlatforms) = preSolution
		Debug|Any CPU = Debug|Any CPU
		Release|Any CPU = Release|Any CPU
	EndGlobalSection
	GlobalSection(ProjectConfigurationPlatforms) = postSolution
		{FAF08283-CF07-4D01-9E94-C994A47B3032}.Debug|Any CPU.ActiveCfg = Debug|Any CPU
		{FAF08283-CF07-4D01-9E94-C994A47B3032}.Debug|Any CPU.Build.0 = Debug|Any CPU
		{FAF08283-CF07-4D01-9E94-C994A47B3032}.Release|Any CPU.ActiveCfg = Release|Any CPU
		{FAF08283-CF07-4D01-9E94-C994A47B3032}.Release|Any CPU.Build.0 = Release|Any CPU
		{62109D68-C6AD-432F-AFA9-89362782288D}.Debug|Any CPU.ActiveCfg = Debug|Any CPU
		{62109D68-C6AD-432F-AFA9-89362782288D}.Debug|Any CPU.Build.0 = Debug|Any CPU
		{62109D68-C6AD-432F-AFA9-89362782288D}.Release|Any CPU.ActiveCfg = Release|Any CPU
		{62109D68-C6AD-432F-AFA9-89362782288D}.Release|Any CPU.Build.0 = Release|Any CPU
		{DA6E2568-92C2-477F-8DAA-472404FDB9A0}.Debug|Any CPU.ActiveCfg = Debug|Any CPU
		{DA6E2568-92C2-477F-8DAA-472404FDB9A0}.Debug|Any CPU.Build.0 = Debug|Any CPU
		{DA6E2568-92C2-477F-8DAA-472404FDB9A0}.Release|Any CPU.ActiveCfg = Release|Any CPU
		{DA6E2568-92C2-477F-8DAA-472404FDB9A0}.Release|Any CPU.Build.0 = Release|Any CPU
	EndGlobalSection
	GlobalSection(SolutionProperties) = preSolution
		HideSolutionNode = FALSE
	EndGlobalSection
	GlobalSection(ExtensibilityGlobals) = postSolution
		SolutionGuid = {CECEE643-F64C-4AC4-B482-46C38D0D8FE0}
	EndGlobalSection
EndGlobal
